
Microsoft Visual Studio Solution File, Format Version 12.00
# Visual Studio Version 17
VisualStudioVersion = 17.3.32929.385
MinimumVisualStudioVersion = 10.0.40219.1
Project("{FAE04EC0-301F-11D3-BF4B-00C04F79EFBC}") = "Console math aplication", "Console math aplication\Console math aplication.csproj", "{98A4CE21-52A0-428F-9BBF-7D2D894E0962}"
EndProject
Global
	GlobalSection(SolutionConfigurationPlatforms) = preSolution
		Debug|Any CPU = Debug|Any CPU
		Release|Any CPU = Release|Any CPU
	EndGlobalSection
	GlobalSection(ProjectConfigurationPlatforms) = postSolution
		{98A4CE21-52A0-428F-9BBF-7D2D894E0962}.Debug|Any CPU.ActiveCfg = Debug|Any CPU
		{98A4CE21-52A0-428F-9BBF-7D2D894E0962}.Debug|Any CPU.Build.0 = Debug|Any CPU
		{98A4CE21-52A0-428F-9BBF-7D2D894E0962}.Release|Any CPU.ActiveCfg = Release|Any CPU
		{98A4CE21-52A0-428F-9BBF-7D2D894E0962}.Release|Any CPU.Build.0 = Release|Any CPU
	EndGlobalSection
	GlobalSection(SolutionProperties) = preSolution
		HideSolutionNode = FALSE
	EndGlobalSection
	GlobalSection(ExtensibilityGlobals) = postSolution
		SolutionGuid = {86C30532-5A30-41C0-A88B-68ECF8D6643E}
	EndGlobalSection
EndGlobal
